
Microsoft Visual Studio Solution File, Format Version 12.00
# Visual Studio Version 16
VisualStudioVersion = 16.0.31313.79
MinimumVisualStudioVersion = 10.0.40219.1
Project("{9A19103F-16F7-4668-BE54-9A1E7A4F7556}") = "ModelValidationIssueDemo", "ModelValidationIssueDemo\ModelValidationIssueDemo.csproj", "{92CF5F80-C6D2-4625-927A-C4016AEF6C79}"
EndProject
Project("{FAE04EC0-301F-11D3-BF4B-00C04F79EFBC}") = "ModelValidationIssueDemoNetFramework48", "ModelValidationIssueDemoNetFramework48\ModelValidationIssueDemoNetFramework48.csproj", "{08FBA8BE-2A8C-484A-BC93-02C45B1FDF0A}"
EndProject
Global
	GlobalSection(SolutionConfigurationPlatforms) = preSolution
		Debug|Any CPU = Debug|Any CPU
		Release|Any CPU = Release|Any CPU
	EndGlobalSection
	GlobalSection(ProjectConfigurationPlatforms) = postSolution
		{92CF5F80-C6D2-4625-927A-C4016AEF6C79}.Debug|Any CPU.ActiveCfg = Debug|Any CPU
		{92CF5F80-C6D2-4625-927A-C4016AEF6C79}.Debug|Any CPU.Build.0 = Debug|Any CPU
		{92CF5F80-C6D2-4625-927A-C4016AEF6C79}.Release|Any CPU.ActiveCfg = Release|Any CPU
		{92CF5F80-C6D2-4625-927A-C4016AEF6C79}.Release|Any CPU.Build.0 = Release|Any CPU
		{08FBA8BE-2A8C-484A-BC93-02C45B1FDF0A}.Debug|Any CPU.ActiveCfg = Debug|Any CPU
		{08FBA8BE-2A8C-484A-BC93-02C45B1FDF0A}.Debug|Any CPU.Build.0 = Debug|Any CPU
		{08FBA8BE-2A8C-484A-BC93-02C45B1FDF0A}.Release|Any CPU.ActiveCfg = Release|Any CPU
		{08FBA8BE-2A8C-484A-BC93-02C45B1FDF0A}.Release|Any CPU.Build.0 = Release|Any CPU
	EndGlobalSection
	GlobalSection(SolutionProperties) = preSolution
		HideSolutionNode = FALSE
	EndGlobalSection
	GlobalSection(ExtensibilityGlobals) = postSolution
		SolutionGuid = {91B9B2D6-F917-47AB-80B8-AA0CBF1A0D91}
	EndGlobalSection
EndGlobal
